
Microsoft Visual Studio Solution File, Format Version 12.00
# Visual Studio Express 2013 for Web
VisualStudioVersion = 12.0.21005.1
MinimumVisualStudioVersion = 10.0.40219.1
Project("{FAE04EC0-301F-11D3-BF4B-00C04F79EFBC}") = "LeaveSystem.Domain", "LeaveSystem.Domain\LeaveSystem.Domain.csproj", "{3F36EFEC-6305-461B-949A-CFDC8CB8DD11}"
EndProject
Project("{FAE04EC0-301F-11D3-BF4B-00C04F79EFBC}") = "LeaveSystem.WebUI", "LeaveSystem.WebUI\LeaveSystem.WebUI.csproj", "{79E88130-D82A-4AD8-90B7-DF623379CD24}"
EndProject
Project("{FAE04EC0-301F-11D3-BF4B-00C04F79EFBC}") = "LeaveSystem.UnitTests", "LeaveSystem.UnitTests\LeaveSystem.UnitTests.csproj", "{AED573FB-A472-47BC-843C-401E67422065}"
EndProject
Global
	GlobalSection(SolutionConfigurationPlatforms) = preSolution
		Debug|Any CPU = Debug|Any CPU
		Release|Any CPU = Release|Any CPU
	EndGlobalSection
	GlobalSection(ProjectConfigurationPlatforms) = postSolution
		{3F36EFEC-6305-461B-949A-CFDC8CB8DD11}.Debug|Any CPU.ActiveCfg = Debug|Any CPU
		{3F36EFEC-6305-461B-949A-CFDC8CB8DD11}.Debug|Any CPU.Build.0 = Debug|Any CPU
		{3F36EFEC-6305-461B-949A-CFDC8CB8DD11}.Release|Any CPU.ActiveCfg = Release|Any CPU
		{3F36EFEC-6305-461B-949A-CFDC8CB8DD11}.Release|Any CPU.Build.0 = Release|Any CPU
		{79E88130-D82A-4AD8-90B7-DF623379CD24}.Debug|Any CPU.ActiveCfg = Debug|Any CPU
		{79E88130-D82A-4AD8-90B7-DF623379CD24}.Debug|Any CPU.Build.0 = Debug|Any CPU
		{79E88130-D82A-4AD8-90B7-DF623379CD24}.Release|Any CPU.ActiveCfg = Release|Any CPU
		{79E88130-D82A-4AD8-90B7-DF623379CD24}.Release|Any CPU.Build.0 = Release|Any CPU
		{AED573FB-A472-47BC-843C-401E67422065}.Debug|Any CPU.ActiveCfg = Debug|Any CPU
		{AED573FB-A472-47BC-843C-401E67422065}.Debug|Any CPU.Build.0 = Debug|Any CPU
		{AED573FB-A472-47BC-843C-401E67422065}.Release|Any CPU.ActiveCfg = Release|Any CPU
		{AED573FB-A472-47BC-843C-401E67422065}.Release|Any CPU.Build.0 = Release|Any CPU
	EndGlobalSection
	GlobalSection(SolutionProperties) = preSolution
		HideSolutionNode = FALSE
	EndGlobalSection
EndGlobal
